
Microsoft Visual Studio Solution File, Format Version 12.00
# Visual Studio Version 17
VisualStudioVersion = 17.9.34728.123
MinimumVisualStudioVersion = 10.0.40219.1
Project("{FAE04EC0-301F-11D3-BF4B-00C04F79EFBC}") = "lab5.1", "lab5.1\lab5.1.csproj", "{D44A92A0-85FD-4539-99FA-223F2244FF6D}"
EndProject
Global
	GlobalSection(SolutionConfigurationPlatforms) = preSolution
		Debug|Any CPU = Debug|Any CPU
		Release|Any CPU = Release|Any CPU
	EndGlobalSection
	GlobalSection(ProjectConfigurationPlatforms) = postSolution
		{D44A92A0-85FD-4539-99FA-223F2244FF6D}.Debug|Any CPU.ActiveCfg = Debug|Any CPU
		{D44A92A0-85FD-4539-99FA-223F2244FF6D}.Debug|Any CPU.Build.0 = Debug|Any CPU
		{D44A92A0-85FD-4539-99FA-223F2244FF6D}.Release|Any CPU.ActiveCfg = Release|Any CPU
		{D44A92A0-85FD-4539-99FA-223F2244FF6D}.Release|Any CPU.Build.0 = Release|Any CPU
	EndGlobalSection
	GlobalSection(SolutionProperties) = preSolution
		HideSolutionNode = FALSE
	EndGlobalSection
	GlobalSection(ExtensibilityGlobals) = postSolution
		SolutionGuid = {469CE749-BAD2-4E68-B54C-46556C5DD390}
	EndGlobalSection
EndGlobal
